# This file was autogenerated by uv via the following command:
#    uv pip compile tools/substrate/requirements.in --generate-hashes --index-strategy unsafe-best-match --python-version 3.10 --python-platform x86_64-unknown-linux-gnu --output-file tools/substrate/requirements-linux-py310.lock
absl-py==2.5.0 \
    --hash=sha256:0c996f25c0490700fadabe6351630f6111534fa0ae252cc6d2014ea3b141135f \
    --hash=sha256:0f17b89f2a4eaaedc4f28c622998aa690564b3012a396a4ffad0821007fe03ba
    # via mujoco
etils==1.13.0 \
    --hash=sha256:a5b60c71f95bcd2d43d4e9fb3dc3879120c1f60472bb5ce19f7a860b1d44f607 \
    --hash=sha256:d9cd4f40fbe77ad6613b7348a18132cc511237b6c076dbb89105c0b520a4c6bb
    # via mujoco
filelock==4.0.1 \
    --hash=sha256:481a321a27bef441e23c53371c6abc8d7d16e26b97090074ba44f7538a3fd55a \
    --hash=sha256:fdefc3f3e87716d855ae2b732c1cfd521dd99799ef2b4d00e8c0d4dcdc7cc94b
    # via torch
fsspec==2026.9.0 \
    --hash=sha256:0f08147951c8cb31d844c3547d631053b127863b60be04cf06e121333ee0e2fe \
    --hash=sha256:8dd6e646e99ea382bd85f97a45e6b526a442d79423a7dc673f1e2756d05fcb5f
    # via
    #   etils
    #   torch
glfw==2.10.2 \
    --hash=sha256:0ffe2b48b51f37b05e8f027f57c0b8cd213affaf22fc83401bd9621692d4c6c8 \
    --hash=sha256:15fd0666cd8f1b0ecb535c3abb712b8ddda053bf8d16de2353b1c6ced0e65402 \
    --hash=sha256:5d2cf97c66bc42a6b583be0e307eae5a3945438322e2ed0c5e4f14dc251d693d \
    --hash=sha256:7604425ec95665cc6a25c3ed7d07e9660d394a34472ceffaec0843c844e7b649 \
    --hash=sha256:82daf1f87b2a48815637dc6f6720d4a55a57ba1d3683322dc20dc28065754f97 \
    --hash=sha256:a04d25bb535a3a29e173ea1abd658e161681b5d3816e00bc51c122f74cd7fa3a \
    --hash=sha256:a94aefe8c48886fd83cd6e11e936846166a4b5b94abf1f4bf599d984774b0b1b \
    --hash=sha256:b860de3ca0686182483f98f3ddd12e660acf25b3e0d521450ec9a3f999f72a65 \
    --hash=sha256:c000b8a5e5fb4374b2c18d12347255ccb92001b9bcf80ef74c56072acbb98fe3
    # via mujoco
importlib-resources==7.1.0 \
    --hash=sha256:0722d4c6212489c530f2a145a34c0a7a3b4721bc96a15fada5930e2a0b760708 \
    --hash=sha256:1bd7b48b4088eddb2cd16382150bb515af0bd2c70128194392725f82ad2c96a1
    # via etils
jinja2==3.1.6 \
    --hash=sha256:85ece4451f492d0c13c5dd7c13a64681a86afae63a5f347908daf103ce6d2f67
    # via torch
markupsafe==3.0.3 \
    --hash=sha256:f42d0984e947b8adf7dd6dde396e720934d12c506ce84eea8476409563607591
    # via jinja2
mpmath==1.3.0 \
    --hash=sha256:7a28eb2a9774d00c7bc92411c19a89209d5da7c4c9a9e227be8330a23a25b91f \
    --hash=sha256:a0b2b9fe80bbcd81a6647ff13108738cfb482d481d826cc0e02f5b35e5c88d2c
    # via sympy
mujoco==3.3.6 \
    --hash=sha256:0f0e2512c88db100e6f272e5301ed5c845fc0b676293bd490f20dfcab00a96d4 \
    --hash=sha256:126bfb0db442eb6407776dc4f98c7c022954947931e03c395ec45fa58463fb5e \
    --hash=sha256:1e1fa3919244455726cb4535213764845c31fbeb554e391ce23efaadccd525dd \
    --hash=sha256:22a35a383a5668a666d7eef277216f4bbe8f0090f677909d71bd37781a6426f5 \
    --hash=sha256:33781b78ddb4933eadcdb7646743cea9ae3bac3e1850ec1dedcb1df4d09084a7 \
    --hash=sha256:33aa1c32fd6058de5c72e16266fce3cf5922c5db20ea37dce5e8a7aa6d7605d3 \
    --hash=sha256:475e09031c591690f63ef26e468caef3a37737da7ad1e816dd4f225d3bb78045 \
    --hash=sha256:47ddd367a7985b2d6317571ad70186de4bfcc3c0129f4646c2cd125472d08155 \
    --hash=sha256:68cb1185763c97a02909d62c1bc63cdd27097f1ef9ac81484ab7b8eb962bcd51 \
    --hash=sha256:6a46bb403ec9c7b360645e312674209de1d8c704d1ada4e54a87701bdb154aca \
    --hash=sha256:71fce84fb7b25eeea7af2434c8562992a191989480193235301b56613c827a33 \
    --hash=sha256:75cf1ddfd0592df017cdbf3546d050973d388dbc369505651e129c57791af704 \
    --hash=sha256:7640bc40229fce2611be76999b04cc6e8fadd315a40165ddeab48764ac5c2878 \
    --hash=sha256:895ed6b7031a07915ccfa1d51d6edf3c1a6a677975a542ea0c1be282522784a1 \
    --hash=sha256:94eed9941c4cba086832690cb948991e7a9d6adf4058b7c1d31ff37eb9b45493 \
    --hash=sha256:9df6ea57628fcac31a55ea5e7d7ffd3b8a6420e7f986425a96cfc61fdac0d6c5 \
    --hash=sha256:a0a4052be47a092ea1a017a7437a8802c3ec14903ce0c7918936330ecefca4d0 \
    --hash=sha256:b4fd57c396559676bd4312027b445d5dceaa4ccf18d2d7a752c81ce87f16baf9 \
    --hash=sha256:c760f62a0e88de1ed2cfba1b999276d68fb0c9df9510c325d7a1ee4dd8472523 \
    --hash=sha256:cc7aa74bd7a306032a0c7a5fd68224d26292f5f974244bcb47ee935cb12ae30f \
    --hash=sha256:ce5bb10df5bce61f1d8e48733d1d87f018259b779922658ae1c2b05d0271d9a7 \
    --hash=sha256:d70ab94147d4d6d739c6b9fc9bb7f3013bb9e83f0019c4f6eac693e32eeb1043 \
    --hash=sha256:d779cd13fecad7077e6d2545c0bf32b076c14e4167f59e9651d41b595f6a8eaa \
    --hash=sha256:dccab3235506986f2c8a5c54036ff4256ac90bf367e7c2eefc7c066705e85d33 \
    --hash=sha256:ee1da56f4f142921cca9e04c0f23f5b50311da01eb7604e403abd366c67596f2 \
    --hash=sha256:fe2692b30d9b49e4655ff99c9c620554d2bfe3869f860d3cb30c24e66babcd8c
    # via -r tools/substrate/requirements.in
networkx==3.4.2 \
    --hash=sha256:307c3669428c5362aab27c8a1260aa8f47c4e91d3891f48be0141738d8d053e1 \
    --hash=sha256:df5d4365b724cf81b8c6a7312509d0c22386097011ad1abe274afd5e9d3bbc5f
    # via torch
numpy==2.2.6 \
    --hash=sha256:038613e9fb8c72b0a41f025a7e4c3f0b7a1b5d768ece4796b674c8f3fe13efff \
    --hash=sha256:0678000bb9ac1475cd454c6b8c799206af8107e310843532b04d49649c717a47 \
    --hash=sha256:0811bb762109d9708cca4d0b13c4f67146e3c3b7cf8d34018c722adb2d957c84 \
    --hash=sha256:0b605b275d7bd0c640cad4e5d30fa701a8d59302e127e5f79138ad62762c3e3d \
    --hash=sha256:0bca768cd85ae743b2affdc762d617eddf3bcf8724435498a1e80132d04879e6 \
    --hash=sha256:1bc23a79bfabc5d056d106f9befb8d50c31ced2fbc70eedb8155aec74a45798f \
    --hash=sha256:287cc3162b6f01463ccd86be154f284d0893d2b3ed7292439ea97eafa8170e0b \
    --hash=sha256:37c0ca431f82cd5fa716eca9506aefcabc247fb27ba69c5062a6d3ade8cf8f49 \
    --hash=sha256:37e990a01ae6ec7fe7fa1c26c55ecb672dd98b19c3d0e1d1f326fa13cb38d163 \
    --hash=sha256:389d771b1623ec92636b0786bc4ae56abafad4a4c513d36a55dce14bd9ce8571 \
    --hash=sha256:3d70692235e759f260c3d837193090014aebdf026dfd167834bcba43e30c2a42 \
    --hash=sha256:41c5a21f4a04fa86436124d388f6ed60a9343a6f767fced1a8a71c3fbca038ff \
    --hash=sha256:481b49095335f8eed42e39e8041327c05b0f6f4780488f61286ed3c01368d491 \
    --hash=sha256:4eeaae00d789f66c7a25ac5f34b71a7035bb474e679f410e5e1a94deb24cf2d4 \
    --hash=sha256:55a4d33fa519660d69614a9fad433be87e5252f4b03850642f88993f7b2ca566 \
    --hash=sha256:5a6429d4be8ca66d889b7cf70f536a397dc45ba6faeb5f8c5427935d9592e9cf \
    --hash=sha256:5bd4fc3ac8926b3819797a7c0e2631eb889b4118a9898c84f585a54d475b7e40 \
    --hash=sha256:5beb72339d9d4fa36522fc63802f469b13cdbe4fdab4a288f0c441b74272ebfd \
    --hash=sha256:6031dd6dfecc0cf9f668681a37648373bddd6421fff6c66ec1624eed0180ee06 \
    --hash=sha256:71594f7c51a18e728451bb50cc60a3ce4e6538822731b2933209a1f3614e9282 \
    --hash=sha256:74d4531beb257d2c3f4b261bfb0fc09e0f9ebb8842d82a7b4209415896adc680 \
    --hash=sha256:7befc596a7dc9da8a337f79802ee8adb30a552a94f792b9c9d18c840055907db \
    --hash=sha256:894b3a42502226a1cac872f840030665f33326fc3dac8e57c607905773cdcde3 \
    --hash=sha256:8e41fd67c52b86603a91c1a505ebaef50b3314de0213461c7a6e99c9a3beff90 \
    --hash=sha256:8e9ace4a37db23421249ed236fdcdd457d671e25146786dfc96835cd951aa7c1 \
    --hash=sha256:8fc377d995680230e83241d8a96def29f204b5782f371c532579b4f20607a289 \
    --hash=sha256:9551a499bf125c1d4f9e250377c1ee2eddd02e01eac6644c080162c0c51778ab \
    --hash=sha256:b0544343a702fa80c95ad5d3d608ea3599dd54d4632df855e4c8d24eb6ecfa1c \
    --hash=sha256:b093dd74e50a8cba3e873868d9e93a85b78e0daf2e98c6797566ad8044e8363d \
    --hash=sha256:b412caa66f72040e6d268491a59f2c43bf03eb6c96dd8f0307829feb7fa2b6fb \
    --hash=sha256:b4f13750ce79751586ae2eb824ba7e1e8dba64784086c98cdbbcc6a42112ce0d \
    --hash=sha256:b64d8d4d17135e00c8e346e0a738deb17e754230d7e0810ac5012750bbd85a5a \
    --hash=sha256:ba10f8411898fc418a521833e014a77d3ca01c15b0c6cdcce6a0d2897e6dbbdf \
    --hash=sha256:bd48227a919f1bafbdda0583705e547892342c26fb127219d60a5c36882609d1 \
    --hash=sha256:c1f9540be57940698ed329904db803cf7a402f3fc200bfe599334c9bd84a40b2 \
    --hash=sha256:c820a93b0255bc360f53eca31a0e676fd1101f673dda8da93454a12e23fc5f7a \
    --hash=sha256:ce47521a4754c8f4593837384bd3424880629f718d87c5d44f8ed763edd63543 \
    --hash=sha256:d042d24c90c41b54fd506da306759e06e568864df8ec17ccc17e9e884634fd00 \
    --hash=sha256:de749064336d37e340f640b05f24e9e3dd678c57318c7289d222a8a2f543e90c \
    --hash=sha256:e1dda9c7e08dc141e0247a5b8f49cf05984955246a327d4c48bda16821947b2f \
    --hash=sha256:e29554e2bef54a90aa5cc07da6ce955accb83f21ab5de01a62c8478897b264fd \
    --hash=sha256:e3143e4451880bed956e706a3220b4e5cf6172ef05fcc397f6f36a550b1dd868 \
    --hash=sha256:e8213002e427c69c45a52bbd94163084025f533a55a59d6f9c5b820774ef3303 \
    --hash=sha256:efd28d4e9cd7d7a8d39074a4d44c63eda73401580c5c76acda2ce969e0a38e83 \
    --hash=sha256:f0fd6321b839904e15c46e0d257fdd101dd7f530fe03fd6359c1ea63738703f3 \
    --hash=sha256:f1372f041402e37e5e633e586f62aa53de2eac8d98cbfb822806ce4bbefcb74d \
    --hash=sha256:f2618db89be1b4e05f7a1a847a9c1c0abd63e63a1607d892dd54668dd92faf87 \
    --hash=sha256:f447e6acb680fd307f40d3da4852208af94afdfab89cf850986c3ca00562f4fa \
    --hash=sha256:f92729c95468a2f4f15e9bb94c432a9229d0d50de67304399627a943201baa2f \
    --hash=sha256:f9f1adb22318e121c5c69a09142811a201ef17ab257a1e66ca3025065b7f53ae \
    --hash=sha256:fc0c5673685c508a142ca65209b4e79ed6740a4ed6b2267dbba90f34b0b3cfda \
    --hash=sha256:fc7b73d02efb0e18c000e9ad8b83480dfcd5dfd11065997ed4c6747470ae8915 \
    --hash=sha256:fd83c01228a688733f1ded5201c678f0c53ecc1006ffbc404db9f7a899ac6249 \
    --hash=sha256:fe27749d33bb772c80dcd84ae7e8df2adc920ae8297400dabec45f0dedb3f6de \
    --hash=sha256:fee4236c876c4e8369388054d02d0e9bb84821feb1a64dd59e137e6511a551f8
    # via
    #   -r tools/substrate/requirements.in
    #   mujoco
pyopengl==3.1.10 \
    --hash=sha256:794a943daced39300879e4e47bd94525280685f42dbb5a998d336cfff151d74f \
    --hash=sha256:c4a02d6866b54eb119c8e9b3fb04fa835a95ab802dd96607ab4cdb0012df8335
    # via mujoco
sympy==1.13.1 \
    --hash=sha256:9cebf7e04ff162015ce31c9c6c9144daa34a93bd082f54fd8f12deca4f47515f \
    --hash=sha256:db36cdc64bf61b9b24578b6f7bab1ecdd2452cf008f34faa33776680c26d66f8
    # via torch
torch==2.6.0+cpu \
    --hash=sha256:24c9d3d13b9ea769dd7bd5c11cfa1fc463fd7391397156565484565ca685d908 \
    --hash=sha256:2ab9c6b3d6eea506bda9b82a0155e974d8ef8e38b417589d144568b4fa59afe1 \
    --hash=sha256:318290e8924353c61b125cdc8768d15208704e279e7757c113b9620740deca98 \
    --hash=sha256:35a9e78b7e4096968b54c1a198687b981569c50ae93e661aa430f9fd208da102 \
    --hash=sha256:4027d982eb2781c93825ab9527f17fbbb12dbabf422298e4b954be60016f87d8 \
    --hash=sha256:59e78aa0c690f70734e42670036d6b541930b8eabbaa18d94e090abf14cc4d91 \
    --hash=sha256:5b6ae523bfb67088a17ca7734d131548a2e60346c622621e4248ed09dd0790cc \
    --hash=sha256:6e22f0b13db8d53e55bcb3b46c9dd4b6676d1c44051b56753e745cec3075b333 \
    --hash=sha256:7cac05af909ee1c5c2915e8f3efaa1ea015e7e414be0ff53071402b9e4f3c7df \
    --hash=sha256:90832f4d118c566b8652a2196ac695fc1f14cf420db27b5a1b41c7eaaf2141e9 \
    --hash=sha256:b436a6c62d086dc5b32f5721b59f0ca8ad3bf9de09ee9b5b83dbf1e7a7e22c60 \
    --hash=sha256:b5e7e8d561b263b5ad8049736281cd12c78e51e7bc1a913fd4098fd0e0b96347 \
    --hash=sha256:b68274aeb4047ba8c73e903f0621e2a4adb54ad5282b0845689c3e1dcd2e2546 \
    --hash=sha256:d3dab9fb0294f268aec28e8aaba834e9d006b90a50db5bc2fe2191a9d48c6084 \
    --hash=sha256:e4a85b58ed455915ee66809ca45e0190a76d652d7e6210b72f53a0219459613b \
    --hash=sha256:e70ee2e37ad27a90201d101a41c2e10df7cf15a9ebd17c084f54cf2518c57bdf \
    --hash=sha256:fb34d6cc4e6e20e66d74852c3d84e0301dc5e1a7c822076ef288886f978390f0
    # via -r tools/substrate/requirements.in
typing-extensions==4.16.0 \
    --hash=sha256:481caa481374e813c1b176ada14e97f1f67a4539ce9cfeb3f350d78d6370c2e8 \
    --hash=sha256:dc983d19a509c94dba722ee6abd33940f7c05a89e243c47e907eb4db6f1a43e5
    # via
    #   etils
    #   torch
zipp==4.1.0 \
    --hash=sha256:25ad4e16390cd314347dd8f1de67a2ac538ae658ed4ab9db16029c07c188e97f \
    --hash=sha256:4cb57381f544315db7688e976e922a2b18cdb513d21cc194eb42232ba2a3e602
    # via etils
